
Microsoft Visual Studio Solution File, Format Version 12.00
# Visual Studio 15
Project("{FAE04EC0-301F-11D3-BF4B-00C04F79EFBC}") = "2DRoguelikeExample", "2DRoguelikeExample.csproj", "{E52D228E-A6AC-9850-E60D-42D066B75CA4}"
EndProject
Project("{FAE04EC0-301F-11D3-BF4B-00C04F79EFBC}") = "2DRoguelikeExample.Editor", "2DRoguelikeExample.Editor.csproj", "{5F69B748-58B6-9436-2151-20A39559623D}"
EndProject
Global
	GlobalSection(SolutionConfigurationPlatforms) = preSolution
		Debug|Any CPU = Debug|Any CPU
		Release|Any CPU = Release|Any CPU
	EndGlobalSection
	GlobalSection(ProjectConfigurationPlatforms) = postSolution
		{E52D228E-A6AC-9850-E60D-42D066B75CA4}.Debug|Any CPU.ActiveCfg = Debug|Any CPU
		{E52D228E-A6AC-9850-E60D-42D066B75CA4}.Debug|Any CPU.Build.0 = Debug|Any CPU
		{E52D228E-A6AC-9850-E60D-42D066B75CA4}.Release|Any CPU.ActiveCfg = Release|Any CPU
		{E52D228E-A6AC-9850-E60D-42D066B75CA4}.Release|Any CPU.Build.0 = Release|Any CPU
		{5F69B748-58B6-9436-2151-20A39559623D}.Debug|Any CPU.ActiveCfg = Debug|Any CPU
		{5F69B748-58B6-9436-2151-20A39559623D}.Debug|Any CPU.Build.0 = Debug|Any CPU
		{5F69B748-58B6-9436-2151-20A39559623D}.Release|Any CPU.ActiveCfg = Release|Any CPU
		{5F69B748-58B6-9436-2151-20A39559623D}.Release|Any CPU.Build.0 = Release|Any CPU
	EndGlobalSection
	GlobalSection(SolutionProperties) = preSolution
		HideSolutionNode = FALSE
	EndGlobalSection
EndGlobal
